
Microsoft Visual Studio Solution File, Format Version 12.00
# Visual Studio Version 17
VisualStudioVersion = 17.8.34302.71
MinimumVisualStudioVersion = 10.0.40219.1
Project("{FAE04EC0-301F-11D3-BF4B-00C04F79EFBC}") = "OvertimeTracker", "OvertimeTracker\OvertimeTracker.csproj", "{CBE30F23-A2FD-491D-98B8-DDE310C75216}"
EndProject
Global
	GlobalSection(SolutionConfigurationPlatforms) = preSolution
		Debug|Any CPU = Debug|Any CPU
		Release|Any CPU = Release|Any CPU
	EndGlobalSection
	GlobalSection(ProjectConfigurationPlatforms) = postSolution
		{CBE30F23-A2FD-491D-98B8-DDE310C75216}.Debug|Any CPU.ActiveCfg = Debug|Any CPU
		{CBE30F23-A2FD-491D-98B8-DDE310C75216}.Debug|Any CPU.Build.0 = Debug|Any CPU
		{CBE30F23-A2FD-491D-98B8-DDE310C75216}.Debug|Any CPU.Deploy.0 = Debug|Any CPU
		{CBE30F23-A2FD-491D-98B8-DDE310C75216}.Release|Any CPU.ActiveCfg = Release|Any CPU
		{CBE30F23-A2FD-491D-98B8-DDE310C75216}.Release|Any CPU.Build.0 = Release|Any CPU
		{CBE30F23-A2FD-491D-98B8-DDE310C75216}.Release|Any CPU.Deploy.0 = Release|Any CPU
	EndGlobalSection
	GlobalSection(SolutionProperties) = preSolution
		HideSolutionNode = FALSE
	EndGlobalSection
	GlobalSection(ExtensibilityGlobals) = postSolution
		SolutionGuid = {9FCA9365-C538-44F4-875B-859B3E06DBD6}
	EndGlobalSection
EndGlobal
